
Microsoft Visual Studio Solution File, Format Version 12.00
# Visual Studio 14
VisualStudioVersion = 14.0.25420.1
MinimumVisualStudioVersion = 10.0.40219.1
Project("{FAE04EC0-301F-11D3-BF4B-00C04F79EFBC}") = "GR_Awesome_Midterm", "GR_Awesome_Midterm\GR_Awesome_Midterm.csproj", "{8B952EBC-A603-4DB1-9DE2-1AFD0A570DE3}"
EndProject
Project("{FAE04EC0-301F-11D3-BF4B-00C04F79EFBC}") = "LibraryInterface", "WindowsFormsApplication1\LibraryInterface.csproj", "{349DDB13-5018-4968-BE52-F5669416F904}"
EndProject
Project("{FAE04EC0-301F-11D3-BF4B-00C04F79EFBC}") = "AddBookForm", "AddBookForm\AddBookForm.csproj", "{687C7635-3850-45AE-90CC-97CCF4127219}"
EndProject
Global
	GlobalSection(SolutionConfigurationPlatforms) = preSolution
		Debug|Any CPU = Debug|Any CPU
		Release|Any CPU = Release|Any CPU
	EndGlobalSection
	GlobalSection(ProjectConfigurationPlatforms) = postSolution
		{8B952EBC-A603-4DB1-9DE2-1AFD0A570DE3}.Debug|Any CPU.ActiveCfg = Debug|Any CPU
		{8B952EBC-A603-4DB1-9DE2-1AFD0A570DE3}.Debug|Any CPU.Build.0 = Debug|Any CPU
		{8B952EBC-A603-4DB1-9DE2-1AFD0A570DE3}.Release|Any CPU.ActiveCfg = Release|Any CPU
		{8B952EBC-A603-4DB1-9DE2-1AFD0A570DE3}.Release|Any CPU.Build.0 = Release|Any CPU
		{349DDB13-5018-4968-BE52-F5669416F904}.Debug|Any CPU.ActiveCfg = Debug|Any CPU
		{349DDB13-5018-4968-BE52-F5669416F904}.Debug|Any CPU.Build.0 = Debug|Any CPU
		{349DDB13-5018-4968-BE52-F5669416F904}.Release|Any CPU.ActiveCfg = Release|Any CPU
		{349DDB13-5018-4968-BE52-F5669416F904}.Release|Any CPU.Build.0 = Release|Any CPU
		{687C7635-3850-45AE-90CC-97CCF4127219}.Debug|Any CPU.ActiveCfg = Debug|Any CPU
		{687C7635-3850-45AE-90CC-97CCF4127219}.Debug|Any CPU.Build.0 = Debug|Any CPU
		{687C7635-3850-45AE-90CC-97CCF4127219}.Release|Any CPU.ActiveCfg = Release|Any CPU
		{687C7635-3850-45AE-90CC-97CCF4127219}.Release|Any CPU.Build.0 = Release|Any CPU
	EndGlobalSection
	GlobalSection(SolutionProperties) = preSolution
		HideSolutionNode = FALSE
	EndGlobalSection
EndGlobal
